
Microsoft Visual Studio Solution File, Format Version 12.00
# Visual Studio Version 16
VisualStudioVersion = 16.0.30621.155
MinimumVisualStudioVersion = 10.0.40219.1
Project("{FAE04EC0-301F-11D3-BF4B-00C04F79EFBC}") = "Mono1", "Mono1\Mono1.csproj", "{5495893D-2929-480D-BE24-ACB1C100CAFC}"
EndProject
Global
	GlobalSection(SolutionConfigurationPlatforms) = preSolution
		Debug|Any CPU = Debug|Any CPU
		Release|Any CPU = Release|Any CPU
	EndGlobalSection
	GlobalSection(ProjectConfigurationPlatforms) = postSolution
		{5495893D-2929-480D-BE24-ACB1C100CAFC}.Debug|Any CPU.ActiveCfg = Debug|Any CPU
		{5495893D-2929-480D-BE24-ACB1C100CAFC}.Debug|Any CPU.Build.0 = Debug|Any CPU
		{5495893D-2929-480D-BE24-ACB1C100CAFC}.Release|Any CPU.ActiveCfg = Release|Any CPU
		{5495893D-2929-480D-BE24-ACB1C100CAFC}.Release|Any CPU.Build.0 = Release|Any CPU
	EndGlobalSection
	GlobalSection(SolutionProperties) = preSolution
		HideSolutionNode = FALSE
	EndGlobalSection
	GlobalSection(ExtensibilityGlobals) = postSolution
		SolutionGuid = {76FB7E39-0166-4D13-A1E2-934A513DC782}
	EndGlobalSection
EndGlobal
